
Microsoft Visual Studio Solution File, Format Version 12.00
# Visual Studio Version 17
VisualStudioVersion = 17.0.31903.59
MinimumVisualStudioVersion = 10.0.40219.1
Project("{2150E333-8FDC-42A3-9474-1A3956D46DE8}") = "src", "src", "{827E0CD3-B72D-47B6-A68D-7590B98EB39B}"
EndProject
Project("{2150E333-8FDC-42A3-9474-1A3956D46DE8}") = "AuthService", "AuthService", "{2AC20A46-3928-2638-2A2E-83B7FF2AF7AE}"
EndProject
Project("{FAE04EC0-301F-11D3-BF4B-00C04F79EFBC}") = "AuthService.Api", "src\AuthService\AuthService.Api\AuthService.Api.csproj", "{CF99FD3C-B99E-4653-A393-B95FD1413815}"
EndProject
Project("{FAE04EC0-301F-11D3-BF4B-00C04F79EFBC}") = "AuthService.Application", "src\AuthService\AuthService.Application\AuthService.Application.csproj", "{1B976652-9097-4262-872E-91D755D902AB}"
EndProject
Project("{FAE04EC0-301F-11D3-BF4B-00C04F79EFBC}") = "AuthService.Domain", "src\AuthService\AuthService.Domain\AuthService.Domain.csproj", "{BAFC41C2-DD12-4065-9E7A-85B44F1B7D12}"
EndProject
Project("{FAE04EC0-301F-11D3-BF4B-00C04F79EFBC}") = "AuthService.Infrastructure", "src\AuthService\AuthService.Infrastructure\AuthService.Infrastructure.csproj", "{F3210644-35B2-4985-8C49-6CC40EEF78BE}"
EndProject
Project("{2150E333-8FDC-42A3-9474-1A3956D46DE8}") = "UserService", "UserService", "{CB753486-031C-08A7-C788-4C8CBC49DED1}"
EndProject
Project("{FAE04EC0-301F-11D3-BF4B-00C04F79EFBC}") = "UserService.Api", "src\UserService\UserService.Api\UserService.Api.csproj", "{E0DA370C-6A0B-4A63-B72B-17FC02F4979B}"
EndProject
Project("{FAE04EC0-301F-11D3-BF4B-00C04F79EFBC}") = "UserService.Application", "src\UserService\UserService.Application\UserService.Application.csproj", "{86BDF365-9567-4E1A-9D70-167269025FB6}"
EndProject
Project("{FAE04EC0-301F-11D3-BF4B-00C04F79EFBC}") = "UserService.Domain", "src\UserService\UserService.Domain\UserService.Domain.csproj", "{18B9A9AD-D58F-4530-9B17-041D11E5D119}"
EndProject
Project("{FAE04EC0-301F-11D3-BF4B-00C04F79EFBC}") = "UserService.Infrastructure", "src\UserService\UserService.Infrastructure\UserService.Infrastructure.csproj", "{1F420268-DCAA-4B5D-A54B-15335965B1FB}"
EndProject
Project("{2150E333-8FDC-42A3-9474-1A3956D46DE8}") = "ContentService", "ContentService", "{8107E861-C280-C499-84CD-237218396494}"
EndProject
Project("{FAE04EC0-301F-11D3-BF4B-00C04F79EFBC}") = "ContentService.Api", "src\ContentService\ContentService.Api\ContentService.Api.csproj", "{CD484386-3955-46B8-B67E-B59CD782EAB8}"
EndProject
Project("{FAE04EC0-301F-11D3-BF4B-00C04F79EFBC}") = "ContentService.Application", "src\ContentService\ContentService.Application\ContentService.Application.csproj", "{25B3A054-C5B1-4A0C-B908-8EE358377493}"
EndProject
Project("{FAE04EC0-301F-11D3-BF4B-00C04F79EFBC}") = "ContentService.Domain", "src\ContentService\ContentService.Domain\ContentService.Domain.csproj", "{A2ECACDB-FAC2-4FC6-93FB-70535937B99E}"
EndProject
Project("{FAE04EC0-301F-11D3-BF4B-00C04F79EFBC}") = "ContentService.Infrastructure", "src\ContentService\ContentService.Infrastructure\ContentService.Infrastructure.csproj", "{EDF40AF5-A430-43BD-AA7A-965B39A4CBDD}"
EndProject
Project("{2150E333-8FDC-42A3-9474-1A3956D46DE8}") = "NotificationService", "NotificationService", "{9ED238A0-938C-9A3F-DDEA-9079E74DEC51}"
EndProject
Project("{FAE04EC0-301F-11D3-BF4B-00C04F79EFBC}") = "NotificationService.Api", "src\NotificationService\NotificationService.Api\NotificationService.Api.csproj", "{EBE2553B-1E63-4EC2-A49A-DCC068FA8795}"
EndProject
Project("{FAE04EC0-301F-11D3-BF4B-00C04F79EFBC}") = "NotificationService.Application", "src\NotificationService\NotificationService.Application\NotificationService.Application.csproj", "{3D7B6FE7-9890-4289-9BCE-02B8A5EB00F9}"
EndProject
Project("{FAE04EC0-301F-11D3-BF4B-00C04F79EFBC}") = "NotificationService.Domain", "src\NotificationService\NotificationService.Domain\NotificationService.Domain.csproj", "{C74F862C-3508-45FD-8EA2-DEB261C3C4AE}"
EndProject
Project("{FAE04EC0-301F-11D3-BF4B-00C04F79EFBC}") = "NotificationService.Infrastructure", "src\NotificationService\NotificationService.Infrastructure\NotificationService.Infrastructure.csproj", "{26F7DE35-C0DD-46B5-BA37-6A694C36DA52}"
EndProject
Project("{2150E333-8FDC-42A3-9474-1A3956D46DE8}") = "ApiGateway", "ApiGateway", "{FCA01246-F2C6-0AA7-D43F-FD13BE0B9D88}"
EndProject
Project("{FAE04EC0-301F-11D3-BF4B-00C04F79EFBC}") = "ApiGateway.Api", "src\ApiGateway\ApiGateway.Api\ApiGateway.Api.csproj", "{6041B8F1-A335-4B55-B5A9-2D9F26E25D2E}"
EndProject
Project("{2150E333-8FDC-42A3-9474-1A3956D46DE8}") = "tests", "tests", "{0AB3BF05-4346-4AA6-1389-037BE0695223}"
EndProject
Project("{FAE04EC0-301F-11D3-BF4B-00C04F79EFBC}") = "AuthService.Tests", "tests\AuthService.Tests\AuthService.Tests.csproj", "{A135FA77-F6E3-4470-BED3-0CE68D31FAA5}"
EndProject
Project("{FAE04EC0-301F-11D3-BF4B-00C04F79EFBC}") = "UserService.Tests", "tests\UserService.Tests\UserService.Tests.csproj", "{F33FCBEB-E530-47F0-8728-24E4A47AE501}"
EndProject
Project("{FAE04EC0-301F-11D3-BF4B-00C04F79EFBC}") = "ContentService.Tests", "tests\ContentService.Tests\ContentService.Tests.csproj", "{D7ACC4DF-AC79-4A8F-AB74-8FFB74296787}"
EndProject
Project("{FAE04EC0-301F-11D3-BF4B-00C04F79EFBC}") = "NotificationService.Tests", "tests\NotificationService.Tests\NotificationService.Tests.csproj", "{C04AA25E-D214-45B8-A753-36BA8882A031}"
EndProject
Global
	GlobalSection(SolutionConfigurationPlatforms) = preSolution
		Debug|Any CPU = Debug|Any CPU
		Debug|x64 = Debug|x64
		Debug|x86 = Debug|x86
		Release|Any CPU = Release|Any CPU
		Release|x64 = Release|x64
		Release|x86 = Release|x86
	EndGlobalSection
	GlobalSection(ProjectConfigurationPlatforms) = postSolution
		{CF99FD3C-B99E-4653-A393-B95FD1413815}.Debug|Any CPU.ActiveCfg = Debug|Any CPU
		{CF99FD3C-B99E-4653-A393-B95FD1413815}.Debug|Any CPU.Build.0 = Debug|Any CPU
		{CF99FD3C-B99E-4653-A393-B95FD1413815}.Debug|x64.ActiveCfg = Debug|Any CPU
		{CF99FD3C-B99E-4653-A393-B95FD1413815}.Debug|x64.Build.0 = Debug|Any CPU
		{CF99FD3C-B99E-4653-A393-B95FD1413815}.Debug|x86.ActiveCfg = Debug|Any CPU
		{CF99FD3C-B99E-4653-A393-B95FD1413815}.Debug|x86.Build.0 = Debug|Any CPU
		{CF99FD3C-B99E-4653-A393-B95FD1413815}.Release|Any CPU.ActiveCfg = Release|Any CPU
		{CF99FD3C-B99E-4653-A393-B95FD1413815}.Release|Any CPU.Build.0 = Release|Any CPU
		{CF99FD3C-B99E-4653-A393-B95FD1413815}.Release|x64.ActiveCfg = Release|Any CPU
		{CF99FD3C-B99E-4653-A393-B95FD1413815}.Release|x64.Build.0 = Release|Any CPU
		{CF99FD3C-B99E-4653-A393-B95FD1413815}.Release|x86.ActiveCfg = Release|Any CPU
		{CF99FD3C-B99E-4653-A393-B95FD1413815}.Release|x86.Build.0 = Release|Any CPU
		{1B976652-9097-4262-872E-91D755D902AB}.Debug|Any CPU.ActiveCfg = Debug|Any CPU
		{1B976652-9097-4262-872E-91D755D902AB}.Debug|Any CPU.Build.0 = Debug|Any CPU
		{1B976652-9097-4262-872E-91D755D902AB}.Debug|x64.ActiveCfg = Debug|Any CPU
		{1B976652-9097-4262-872E-91D755D902AB}.Debug|x64.Build.0 = Debug|Any CPU
		{1B976652-9097-4262-872E-91D755D902AB}.Debug|x86.ActiveCfg = Debug|Any CPU
		{1B976652-9097-4262-872E-91D755D902AB}.Debug|x86.Build.0 = Debug|Any CPU
		{1B976652-9097-4262-872E-91D755D902AB}.Release|Any CPU.ActiveCfg = Release|Any CPU
		{1B976652-9097-4262-872E-91D755D902AB}.Release|Any CPU.Build.0 = Release|Any CPU
		{1B976652-9097-4262-872E-91D755D902AB}.Release|x64.ActiveCfg = Release|Any CPU
		{1B976652-9097-4262-872E-91D755D902AB}.Release|x64.Build.0 = Release|Any CPU
		{1B976652-9097-4262-872E-91D755D902AB}.Release|x86.ActiveCfg = Release|Any CPU
		{1B976652-9097-4262-872E-91D755D902AB}.Release|x86.Build.0 = Release|Any CPU
		{BAFC41C2-DD12-4065-9E7A-85B44F1B7D12}.Debug|Any CPU.ActiveCfg = Debug|Any CPU
		{BAFC41C2-DD12-4065-9E7A-85B44F1B7D12}.Debug|Any CPU.Build.0 = Debug|Any CPU
		{BAFC41C2-DD12-4065-9E7A-85B44F1B7D12}.Debug|x64.ActiveCfg = Debug|Any CPU
		{BAFC41C2-DD12-4065-9E7A-85B44F1B7D12}.Debug|x64.Build.0 = Debug|Any CPU
		{BAFC41C2-DD12-4065-9E7A-85B44F1B7D12}.Debug|x86.ActiveCfg = Debug|Any CPU
		{BAFC41C2-DD12-4065-9E7A-85B44F1B7D12}.Debug|x86.Build.0 = Debug|Any CPU
		{BAFC41C2-DD12-4065-9E7A-85B44F1B7D12}.Release|Any CPU.ActiveCfg = Release|Any CPU
		{BAFC41C2-DD12-4065-9E7A-85B44F1B7D12}.Release|Any CPU.Build.0 = Release|Any CPU
		{BAFC41C2-DD12-4065-9E7A-85B44F1B7D12}.Release|x64.ActiveCfg = Release|Any CPU
		{BAFC41C2-DD12-4065-9E7A-85B44F1B7D12}.Release|x64.Build.0 = Release|Any CPU
		{BAFC41C2-DD12-4065-9E7A-85B44F1B7D12}.Release|x86.ActiveCfg = Release|Any CPU
		{BAFC41C2-DD12-4065-9E7A-85B44F1B7D12}.Release|x86.Build.0 = Release|Any CPU
		{F3210644-35B2-4985-8C49-6CC40EEF78BE}.Debug|Any CPU.ActiveCfg = Debug|Any CPU
		{F3210644-35B2-4985-8C49-6CC40EEF78BE}.Debug|Any CPU.Build.0 = Debug|Any CPU
		{F3210644-35B2-4985-8C49-6CC40EEF78BE}.Debug|x64.ActiveCfg = Debug|Any CPU
		{F3210644-35B2-4985-8C49-6CC40EEF78BE}.Debug|x64.Build.0 = Debug|Any CPU
		{F3210644-35B2-4985-8C49-6CC40EEF78BE}.Debug|x86.ActiveCfg = Debug|Any CPU
		{F3210644-35B2-4985-8C49-6CC40EEF78BE}.Debug|x86.Build.0 = Debug|Any CPU
		{F3210644-35B2-4985-8C49-6CC40EEF78BE}.Release|Any CPU.ActiveCfg = Release|Any CPU
		{F3210644-35B2-4985-8C49-6CC40EEF78BE}.Release|Any CPU.Build.0 = Release|Any CPU
		{F3210644-35B2-4985-8C49-6CC40EEF78BE}.Release|x64.ActiveCfg = Release|Any CPU
		{F3210644-35B2-4985-8C49-6CC40EEF78BE}.Release|x64.Build.0 = Release|Any CPU
		{F3210644-35B2-4985-8C49-6CC40EEF78BE}.Release|x86.ActiveCfg = Release|Any CPU
		{F3210644-35B2-4985-8C49-6CC40EEF78BE}.Release|x86.Build.0 = Release|Any CPU
		{E0DA370C-6A0B-4A63-B72B-17FC02F4979B}.Debug|Any CPU.ActiveCfg = Debug|Any CPU
		{E0DA370C-6A0B-4A63-B72B-17FC02F4979B}.Debug|Any CPU.Build.0 = Debug|Any CPU
		{E0DA370C-6A0B-4A63-B72B-17FC02F4979B}.Debug|x64.ActiveCfg = Debug|Any CPU
		{E0DA370C-6A0B-4A63-B72B-17FC02F4979B}.Debug|x64.Build.0 = Debug|Any CPU
		{E0DA370C-6A0B-4A63-B72B-17FC02F4979B}.Debug|x86.ActiveCfg = Debug|Any CPU
		{E0DA370C-6A0B-4A63-B72B-17FC02F4979B}.Debug|x86.Build.0 = Debug|Any CPU
		{E0DA370C-6A0B-4A63-B72B-17FC02F4979B}.Release|Any CPU.ActiveCfg = Release|Any CPU
		{E0DA370C-6A0B-4A63-B72B-17FC02F4979B}.Release|Any CPU.Build.0 = Release|Any CPU
		{E0DA370C-6A0B-4A63-B72B-17FC02F4979B}.Release|x64.ActiveCfg = Release|Any CPU
		{E0DA370C-6A0B-4A63-B72B-17FC02F4979B}.Release|x64.Build.0 = Release|Any CPU
		{E0DA370C-6A0B-4A63-B72B-17FC02F4979B}.Release|x86.ActiveCfg = Release|Any CPU
		{E0DA370C-6A0B-4A63-B72B-17FC02F4979B}.Release|x86.Build.0 = Release|Any CPU
		{86BDF365-9567-4E1A-9D70-167269025FB6}.Debug|Any CPU.ActiveCfg = Debug|Any CPU
		{86BDF365-9567-4E1A-9D70-167269025FB6}.Debug|Any CPU.Build.0 = Debug|Any CPU
		{86BDF365-9567-4E1A-9D70-167269025FB6}.Debug|x64.ActiveCfg = Debug|Any CPU
		{86BDF365-9567-4E1A-9D70-167269025FB6}.Debug|x64.Build.0 = Debug|Any CPU
		{86BDF365-9567-4E1A-9D70-167269025FB6}.Debug|x86.ActiveCfg = Debug|Any CPU
		{86BDF365-9567-4E1A-9D70-167269025FB6}.Debug|x86.Build.0 = Debug|Any CPU
		{86BDF365-9567-4E1A-9D70-167269025FB6}.Release|Any CPU.ActiveCfg = Release|Any CPU
		{86BDF365-9567-4E1A-9D70-167269025FB6}.Release|Any CPU.Build.0 = Release|Any CPU
		{86BDF365-9567-4E1A-9D70-167269025FB6}.Release|x64.ActiveCfg = Release|Any CPU
		{86BDF365-9567-4E1A-9D70-167269025FB6}.Release|x64.Build.0 = Release|Any CPU
		{86BDF365-9567-4E1A-9D70-167269025FB6}.Release|x86.ActiveCfg = Release|Any CPU
		{86BDF365-9567-4E1A-9D70-167269025FB6}.Release|x86.Build.0 = Release|Any CPU
		{18B9A9AD-D58F-4530-9B17-041D11E5D119}.Debug|Any CPU.ActiveCfg = Debug|Any CPU
		{18B9A9AD-D58F-4530-9B17-041D11E5D119}.Debug|Any CPU.Build.0 = Debug|Any CPU
		{18B9A9AD-D58F-4530-9B17-041D11E5D119}.Debug|x64.ActiveCfg = Debug|Any CPU
		{18B9A9AD-D58F-4530-9B17-041D11E5D119}.Debug|x64.Build.0 = Debug|Any CPU
		{18B9A9AD-D58F-4530-9B17-041D11E5D119}.Debug|x86.ActiveCfg = Debug|Any CPU
		{18B9A9AD-D58F-4530-9B17-041D11E5D119}.Debug|x86.Build.0 = Debug|Any CPU
		{18B9A9AD-D58F-4530-9B17-041D11E5D119}.Release|Any CPU.ActiveCfg = Release|Any CPU
		{18B9A9AD-D58F-4530-9B17-041D11E5D119}.Release|Any CPU.Build.0 = Release|Any CPU
		{18B9A9AD-D58F-4530-9B17-041D11E5D119}.Release|x64.ActiveCfg = Release|Any CPU
		{18B9A9AD-D58F-4530-9B17-041D11E5D119}.Release|x64.Build.0 = Release|Any CPU
		{18B9A9AD-D58F-4530-9B17-041D11E5D119}.Release|x86.ActiveCfg = Release|Any CPU
		{18B9A9AD-D58F-4530-9B17-041D11E5D119}.Release|x86.Build.0 = Release|Any CPU
		{1F420268-DCAA-4B5D-A54B-15335965B1FB}.Debug|Any CPU.ActiveCfg = Debug|Any CPU
		{1F420268-DCAA-4B5D-A54B-15335965B1FB}.Debug|Any CPU.Build.0 = Debug|Any CPU
		{1F420268-DCAA-4B5D-A54B-15335965B1FB}.Debug|x64.ActiveCfg = Debug|Any CPU
		{1F420268-DCAA-4B5D-A54B-15335965B1FB}.Debug|x64.Build.0 = Debug|Any CPU
		{1F420268-DCAA-4B5D-A54B-15335965B1FB}.Debug|x86.ActiveCfg = Debug|Any CPU
		{1F420268-DCAA-4B5D-A54B-15335965B1FB}.Debug|x86.Build.0 = Debug|Any CPU
		{1F420268-DCAA-4B5D-A54B-15335965B1FB}.Release|Any CPU.ActiveCfg = Release|Any CPU
		{1F420268-DCAA-4B5D-A54B-15335965B1FB}.Release|Any CPU.Build.0 = Release|Any CPU
		{1F420268-DCAA-4B5D-A54B-15335965B1FB}.Release|x64.ActiveCfg = Release|Any CPU
		{1F420268-DCAA-4B5D-A54B-15335965B1FB}.Release|x64.Build.0 = Release|Any CPU
		{1F420268-DCAA-4B5D-A54B-15335965B1FB}.Release|x86.ActiveCfg = Release|Any CPU
		{1F420268-DCAA-4B5D-A54B-15335965B1FB}.Release|x86.Build.0 = Release|Any CPU
		{CD484386-3955-46B8-B67E-B59CD782EAB8}.Debug|Any CPU.ActiveCfg = Debug|Any CPU
		{CD484386-3955-46B8-B67E-B59CD782EAB8}.Debug|Any CPU.Build.0 = Debug|Any CPU
		{CD484386-3955-46B8-B67E-B59CD782EAB8}.Debug|x64.ActiveCfg = Debug|Any CPU
		{CD484386-3955-46B8-B67E-B59CD782EAB8}.Debug|x64.Build.0 = Debug|Any CPU
		{CD484386-3955-46B8-B67E-B59CD782EAB8}.Debug|x86.ActiveCfg = Debug|Any CPU
		{CD484386-3955-46B8-B67E-B59CD782EAB8}.Debug|x86.Build.0 = Debug|Any CPU
		{CD484386-3955-46B8-B67E-B59CD782EAB8}.Release|Any CPU.ActiveCfg = Release|Any CPU
		{CD484386-3955-46B8-B67E-B59CD782EAB8}.Release|Any CPU.Build.0 = Release|Any CPU
		{CD484386-3955-46B8-B67E-B59CD782EAB8}.Release|x64.ActiveCfg = Release|Any CPU
		{CD484386-3955-46B8-B67E-B59CD782EAB8}.Release|x64.Build.0 = Release|Any CPU
		{CD484386-3955-46B8-B67E-B59CD782EAB8}.Release|x86.ActiveCfg = Release|Any CPU
		{CD484386-3955-46B8-B67E-B59CD782EAB8}.Release|x86.Build.0 = Release|Any CPU
		{25B3A054-C5B1-4A0C-B908-8EE358377493}.Debug|Any CPU.ActiveCfg = Debug|Any CPU
		{25B3A054-C5B1-4A0C-B908-8EE358377493}.Debug|Any CPU.Build.0 = Debug|Any CPU
		{25B3A054-C5B1-4A0C-B908-8EE358377493}.Debug|x64.ActiveCfg = Debug|Any CPU
		{25B3A054-C5B1-4A0C-B908-8EE358377493}.Debug|x64.Build.0 = Debug|Any CPU
		{25B3A054-C5B1-4A0C-B908-8EE358377493}.Debug|x86.ActiveCfg = Debug|Any CPU
		{25B3A054-C5B1-4A0C-B908-8EE358377493}.Debug|x86.Build.0 = Debug|Any CPU
		{25B3A054-C5B1-4A0C-B908-8EE358377493}.Release|Any CPU.ActiveCfg = Release|Any CPU
		{25B3A054-C5B1-4A0C-B908-8EE358377493}.Release|Any CPU.Build.0 = Release|Any CPU
		{25B3A054-C5B1-4A0C-B908-8EE358377493}.Release|x64.ActiveCfg = Release|Any CPU
		{25B3A054-C5B1-4A0C-B908-8EE358377493}.Release|x64.Build.0 = Release|Any CPU
		{25B3A054-C5B1-4A0C-B908-8EE358377493}.Release|x86.ActiveCfg = Release|Any CPU
		{25B3A054-C5B1-4A0C-B908-8EE358377493}.Release|x86.Build.0 = Release|Any CPU
		{A2ECACDB-FAC2-4FC6-93FB-70535937B99E}.Debug|Any CPU.ActiveCfg = Debug|Any CPU
		{A2ECACDB-FAC2-4FC6-93FB-70535937B99E}.Debug|Any CPU.Build.0 = Debug|Any CPU
		{A2ECACDB-FAC2-4FC6-93FB-70535937B99E}.Debug|x64.ActiveCfg = Debug|Any CPU
		{A2ECACDB-FAC2-4FC6-93FB-70535937B99E}.Debug|x64.Build.0 = Debug|Any CPU
		{A2ECACDB-FAC2-4FC6-93FB-70535937B99E}.Debug|x86.ActiveCfg = Debug|Any CPU
		{A2ECACDB-FAC2-4FC6-93FB-70535937B99E}.Debug|x86.Build.0 = Debug|Any CPU
		{A2ECACDB-FAC2-4FC6-93FB-70535937B99E}.Release|Any CPU.ActiveCfg = Release|Any CPU
		{A2ECACDB-FAC2-4FC6-93FB-70535937B99E}.Release|Any CPU.Build.0 = Release|Any CPU
		{A2ECACDB-FAC2-4FC6-93FB-70535937B99E}.Release|x64.ActiveCfg = Release|Any CPU
		{A2ECACDB-FAC2-4FC6-93FB-70535937B99E}.Release|x64.Build.0 = Release|Any CPU
		{A2ECACDB-FAC2-4FC6-93FB-70535937B99E}.Release|x86.ActiveCfg = Release|Any CPU
		{A2ECACDB-FAC2-4FC6-93FB-70535937B99E}.Release|x86.Build.0 = Release|Any CPU
		{EDF40AF5-A430-43BD-AA7A-965B39A4CBDD}.Debug|Any CPU.ActiveCfg = Debug|Any CPU
		{EDF40AF5-A430-43BD-AA7A-965B39A4CBDD}.Debug|Any CPU.Build.0 = Debug|Any CPU
		{EDF40AF5-A430-43BD-AA7A-965B39A4CBDD}.Debug|x64.ActiveCfg = Debug|Any CPU
		{EDF40AF5-A430-43BD-AA7A-965B39A4CBDD}.Debug|x64.Build.0 = Debug|Any CPU
		{EDF40AF5-A430-43BD-AA7A-965B39A4CBDD}.Debug|x86.ActiveCfg = Debug|Any CPU
		{EDF40AF5-A430-43BD-AA7A-965B39A4CBDD}.Debug|x86.Build.0 = Debug|Any CPU
		{EDF40AF5-A430-43BD-AA7A-965B39A4CBDD}.Release|Any CPU.ActiveCfg = Release|Any CPU
		{EDF40AF5-A430-43BD-AA7A-965B39A4CBDD}.Release|Any CPU.Build.0 = Release|Any CPU
		{EDF40AF5-A430-43BD-AA7A-965B39A4CBDD}.Release|x64.ActiveCfg = Release|Any CPU
		{EDF40AF5-A430-43BD-AA7A-965B39A4CBDD}.Release|x64.Build.0 = Release|Any CPU
		{EDF40AF5-A430-43BD-AA7A-965B39A4CBDD}.Release|x86.ActiveCfg = Release|Any CPU
		{EDF40AF5-A430-43BD-AA7A-965B39A4CBDD}.Release|x86.Build.0 = Release|Any CPU
		{EBE2553B-1E63-4EC2-A49A-DCC068FA8795}.Debug|Any CPU.ActiveCfg = Debug|Any CPU
		{EBE2553B-1E63-4EC2-A49A-DCC068FA8795}.Debug|Any CPU.Build.0 = Debug|Any CPU
		{EBE2553B-1E63-4EC2-A49A-DCC068FA8795}.Debug|x64.ActiveCfg = Debug|Any CPU
		{EBE2553B-1E63-4EC2-A49A-DCC068FA8795}.Debug|x64.Build.0 = Debug|Any CPU
		{EBE2553B-1E63-4EC2-A49A-DCC068FA8795}.Debug|x86.ActiveCfg = Debug|Any CPU
		{EBE2553B-1E63-4EC2-A49A-DCC068FA8795}.Debug|x86.Build.0 = Debug|Any CPU
		{EBE2553B-1E63-4EC2-A49A-DCC068FA8795}.Release|Any CPU.ActiveCfg = Release|Any CPU
		{EBE2553B-1E63-4EC2-A49A-DCC068FA8795}.Release|Any CPU.Build.0 = Release|Any CPU
		{EBE2553B-1E63-4EC2-A49A-DCC068FA8795}.Release|x64.ActiveCfg = Release|Any CPU
		{EBE2553B-1E63-4EC2-A49A-DCC068FA8795}.Release|x64.Build.0 = Release|Any CPU
		{EBE2553B-1E63-4EC2-A49A-DCC068FA8795}.Release|x86.ActiveCfg = Release|Any CPU
		{EBE2553B-1E63-4EC2-A49A-DCC068FA8795}.Release|x86.Build.0 = Release|Any CPU
		{3D7B6FE7-9890-4289-9BCE-02B8A5EB00F9}.Debug|Any CPU.ActiveCfg = Debug|Any CPU
		{3D7B6FE7-9890-4289-9BCE-02B8A5EB00F9}.Debug|Any CPU.Build.0 = Debug|Any CPU
		{3D7B6FE7-9890-4289-9BCE-02B8A5EB00F9}.Debug|x64.ActiveCfg = Debug|Any CPU
		{3D7B6FE7-9890-4289-9BCE-02B8A5EB00F9}.Debug|x64.Build.0 = Debug|Any CPU
		{3D7B6FE7-9890-4289-9BCE-02B8A5EB00F9}.Debug|x86.ActiveCfg = Debug|Any CPU
		{3D7B6FE7-9890-4289-9BCE-02B8A5EB00F9}.Debug|x86.Build.0 = Debug|Any CPU
		{3D7B6FE7-9890-4289-9BCE-02B8A5EB00F9}.Release|Any CPU.ActiveCfg = Release|Any CPU
		{3D7B6FE7-9890-4289-9BCE-02B8A5EB00F9}.Release|Any CPU.Build.0 = Release|Any CPU
		{3D7B6FE7-9890-4289-9BCE-02B8A5EB00F9}.Release|x64.ActiveCfg = Release|Any CPU
		{3D7B6FE7-9890-4289-9BCE-02B8A5EB00F9}.Release|x64.Build.0 = Release|Any CPU
		{3D7B6FE7-9890-4289-9BCE-02B8A5EB00F9}.Release|x86.ActiveCfg = Release|Any CPU
		{3D7B6FE7-9890-4289-9BCE-02B8A5EB00F9}.Release|x86.Build.0 = Release|Any CPU
		{C74F862C-3508-45FD-8EA2-DEB261C3C4AE}.Debug|Any CPU.ActiveCfg = Debug|Any CPU
		{C74F862C-3508-45FD-8EA2-DEB261C3C4AE}.Debug|Any CPU.Build.0 = Debug|Any CPU
		{C74F862C-3508-45FD-8EA2-DEB261C3C4AE}.Debug|x64.ActiveCfg = Debug|Any CPU
		{C74F862C-3508-45FD-8EA2-DEB261C3C4AE}.Debug|x64.Build.0 = Debug|Any CPU
		{C74F862C-3508-45FD-8EA2-DEB261C3C4AE}.Debug|x86.ActiveCfg = Debug|Any CPU
		{C74F862C-3508-45FD-8EA2-DEB261C3C4AE}.Debug|x86.Build.0 = Debug|Any CPU
		{C74F862C-3508-45FD-8EA2-DEB261C3C4AE}.Release|Any CPU.ActiveCfg = Release|Any CPU
		{C74F862C-3508-45FD-8EA2-DEB261C3C4AE}.Release|Any CPU.Build.0 = Release|Any CPU
		{C74F862C-3508-45FD-8EA2-DEB261C3C4AE}.Release|x64.ActiveCfg = Release|Any CPU
		{C74F862C-3508-45FD-8EA2-DEB261C3C4AE}.Release|x64.Build.0 = Release|Any CPU
		{C74F862C-3508-45FD-8EA2-DEB261C3C4AE}.Release|x86.ActiveCfg = Release|Any CPU
		{C74F862C-3508-45FD-8EA2-DEB261C3C4AE}.Release|x86.Build.0 = Release|Any CPU
		{26F7DE35-C0DD-46B5-BA37-6A694C36DA52}.Debug|Any CPU.ActiveCfg = Debug|Any CPU
		{26F7DE35-C0DD-46B5-BA37-6A694C36DA52}.Debug|Any CPU.Build.0 = Debug|Any CPU
		{26F7DE35-C0DD-46B5-BA37-6A694C36DA52}.Debug|x64.ActiveCfg = Debug|Any CPU
		{26F7DE35-C0DD-46B5-BA37-6A694C36DA52}.Debug|x64.Build.0 = Debug|Any CPU
		{26F7DE35-C0DD-46B5-BA37-6A694C36DA52}.Debug|x86.ActiveCfg = Debug|Any CPU
		{26F7DE35-C0DD-46B5-BA37-6A694C36DA52}.Debug|x86.Build.0 = Debug|Any CPU
		{26F7DE35-C0DD-46B5-BA37-6A694C36DA52}.Release|Any CPU.ActiveCfg = Release|Any CPU
		{26F7DE35-C0DD-46B5-BA37-6A694C36DA52}.Release|Any CPU.Build.0 = Release|Any CPU
		{26F7DE35-C0DD-46B5-BA37-6A694C36DA52}.Release|x64.ActiveCfg = Release|Any CPU
		{26F7DE35-C0DD-46B5-BA37-6A694C36DA52}.Release|x64.Build.0 = Release|Any CPU
		{26F7DE35-C0DD-46B5-BA37-6A694C36DA52}.Release|x86.ActiveCfg = Release|Any CPU
		{26F7DE35-C0DD-46B5-BA37-6A694C36DA52}.Release|x86.Build.0 = Release|Any CPU
		{6041B8F1-A335-4B55-B5A9-2D9F26E25D2E}.Debug|Any CPU.ActiveCfg = Debug|Any CPU
		{6041B8F1-A335-4B55-B5A9-2D9F26E25D2E}.Debug|Any CPU.Build.0 = Debug|Any CPU
		{6041B8F1-A335-4B55-B5A9-2D9F26E25D2E}.Debug|x64.ActiveCfg = Debug|Any CPU
		{6041B8F1-A335-4B55-B5A9-2D9F26E25D2E}.Debug|x64.Build.0 = Debug|Any CPU
		{6041B8F1-A335-4B55-B5A9-2D9F26E25D2E}.Debug|x86.ActiveCfg = Debug|Any CPU
		{6041B8F1-A335-4B55-B5A9-2D9F26E25D2E}.Debug|x86.Build.0 = Debug|Any CPU
		{6041B8F1-A335-4B55-B5A9-2D9F26E25D2E}.Release|Any CPU.ActiveCfg = Release|Any CPU
		{6041B8F1-A335-4B55-B5A9-2D9F26E25D2E}.Release|Any CPU.Build.0 = Release|Any CPU
		{6041B8F1-A335-4B55-B5A9-2D9F26E25D2E}.Release|x64.ActiveCfg = Release|Any CPU
		{6041B8F1-A335-4B55-B5A9-2D9F26E25D2E}.Release|x64.Build.0 = Release|Any CPU
		{6041B8F1-A335-4B55-B5A9-2D9F26E25D2E}.Release|x86.ActiveCfg = Release|Any CPU
		{6041B8F1-A335-4B55-B5A9-2D9F26E25D2E}.Release|x86.Build.0 = Release|Any CPU
		{A135FA77-F6E3-4470-BED3-0CE68D31FAA5}.Debug|Any CPU.ActiveCfg = Debug|Any CPU
		{A135FA77-F6E3-4470-BED3-0CE68D31FAA5}.Debug|Any CPU.Build.0 = Debug|Any CPU
		{A135FA77-F6E3-4470-BED3-0CE68D31FAA5}.Debug|x64.ActiveCfg = Debug|Any CPU
		{A135FA77-F6E3-4470-BED3-0CE68D31FAA5}.Debug|x64.Build.0 = Debug|Any CPU
		{A135FA77-F6E3-4470-BED3-0CE68D31FAA5}.Debug|x86.ActiveCfg = Debug|Any CPU
		{A135FA77-F6E3-4470-BED3-0CE68D31FAA5}.Debug|x86.Build.0 = Debug|Any CPU
		{A135FA77-F6E3-4470-BED3-0CE68D31FAA5}.Release|Any CPU.ActiveCfg = Release|Any CPU
		{A135FA77-F6E3-4470-BED3-0CE68D31FAA5}.Release|Any CPU.Build.0 = Release|Any CPU
		{A135FA77-F6E3-4470-BED3-0CE68D31FAA5}.Release|x64.ActiveCfg = Release|Any CPU
		{A135FA77-F6E3-4470-BED3-0CE68D31FAA5}.Release|x64.Build.0 = Release|Any CPU
		{A135FA77-F6E3-4470-BED3-0CE68D31FAA5}.Release|x86.ActiveCfg = Release|Any CPU
		{A135FA77-F6E3-4470-BED3-0CE68D31FAA5}.Release|x86.Build.0 = Release|Any CPU
		{F33FCBEB-E530-47F0-8728-24E4A47AE501}.Debug|Any CPU.ActiveCfg = Debug|Any CPU
		{F33FCBEB-E530-47F0-8728-24E4A47AE501}.Debug|Any CPU.Build.0 = Debug|Any CPU
		{F33FCBEB-E530-47F0-8728-24E4A47AE501}.Debug|x64.ActiveCfg = Debug|Any CPU
		{F33FCBEB-E530-47F0-8728-24E4A47AE501}.Debug|x64.Build.0 = Debug|Any CPU
		{F33FCBEB-E530-47F0-8728-24E4A47AE501}.Debug|x86.ActiveCfg = Debug|Any CPU
		{F33FCBEB-E530-47F0-8728-24E4A47AE501}.Debug|x86.Build.0 = Debug|Any CPU
		{F33FCBEB-E530-47F0-8728-24E4A47AE501}.Release|Any CPU.ActiveCfg = Release|Any CPU
		{F33FCBEB-E530-47F0-8728-24E4A47AE501}.Release|Any CPU.Build.0 = Release|Any CPU
		{F33FCBEB-E530-47F0-8728-24E4A47AE501}.Release|x64.ActiveCfg = Release|Any CPU
		{F33FCBEB-E530-47F0-8728-24E4A47AE501}.Release|x64.Build.0 = Release|Any CPU
		{F33FCBEB-E530-47F0-8728-24E4A47AE501}.Release|x86.ActiveCfg = Release|Any CPU
		{F33FCBEB-E530-47F0-8728-24E4A47AE501}.Release|x86.Build.0 = Release|Any CPU
		{D7ACC4DF-AC79-4A8F-AB74-8FFB74296787}.Debug|Any CPU.ActiveCfg = Debug|Any CPU
		{D7ACC4DF-AC79-4A8F-AB74-8FFB74296787}.Debug|Any CPU.Build.0 = Debug|Any CPU
		{D7ACC4DF-AC79-4A8F-AB74-8FFB74296787}.Debug|x64.ActiveCfg = Debug|Any CPU
		{D7ACC4DF-AC79-4A8F-AB74-8FFB74296787}.Debug|x64.Build.0 = Debug|Any CPU
		{D7ACC4DF-AC79-4A8F-AB74-8FFB74296787}.Debug|x86.ActiveCfg = Debug|Any CPU
		{D7ACC4DF-AC79-4A8F-AB74-8FFB74296787}.Debug|x86.Build.0 = Debug|Any CPU
		{D7ACC4DF-AC79-4A8F-AB74-8FFB74296787}.Release|Any CPU.ActiveCfg = Release|Any CPU
		{D7ACC4DF-AC79-4A8F-AB74-8FFB74296787}.Release|Any CPU.Build.0 = Release|Any CPU
		{D7ACC4DF-AC79-4A8F-AB74-8FFB74296787}.Release|x64.ActiveCfg = Release|Any CPU
		{D7ACC4DF-AC79-4A8F-AB74-8FFB74296787}.Release|x64.Build.0 = Release|Any CPU
		{D7ACC4DF-AC79-4A8F-AB74-8FFB74296787}.Release|x86.ActiveCfg = Release|Any CPU
		{D7ACC4DF-AC79-4A8F-AB74-8FFB74296787}.Release|x86.Build.0 = Release|Any CPU
		{C04AA25E-D214-45B8-A753-36BA8882A031}.Debug|Any CPU.ActiveCfg = Debug|Any CPU
		{C04AA25E-D214-45B8-A753-36BA8882A031}.Debug|Any CPU.Build.0 = Debug|Any CPU
		{C04AA25E-D214-45B8-A753-36BA8882A031}.Debug|x64.ActiveCfg = Debug|Any CPU
		{C04AA25E-D214-45B8-A753-36BA8882A031}.Debug|x64.Build.0 = Debug|Any CPU
		{C04AA25E-D214-45B8-A753-36BA8882A031}.Debug|x86.ActiveCfg = Debug|Any CPU
		{C04AA25E-D214-45B8-A753-36BA8882A031}.Debug|x86.Build.0 = Debug|Any CPU
		{C04AA25E-D214-45B8-A753-36BA8882A031}.Release|Any CPU.ActiveCfg = Release|Any CPU
		{C04AA25E-D214-45B8-A753-36BA8882A031}.Release|Any CPU.Build.0 = Release|Any CPU
		{C04AA25E-D214-45B8-A753-36BA8882A031}.Release|x64.ActiveCfg = Release|Any CPU
		{C04AA25E-D214-45B8-A753-36BA8882A031}.Release|x64.Build.0 = Release|Any CPU
		{C04AA25E-D214-45B8-A753-36BA8882A031}.Release|x86.ActiveCfg = Release|Any CPU
		{C04AA25E-D214-45B8-A753-36BA8882A031}.Release|x86.Build.0 = Release|Any CPU
	EndGlobalSection
	GlobalSection(SolutionProperties) = preSolution
		HideSolutionNode = FALSE
	EndGlobalSection
	GlobalSection(NestedProjects) = preSolution
		{2AC20A46-3928-2638-2A2E-83B7FF2AF7AE} = {827E0CD3-B72D-47B6-A68D-7590B98EB39B}
		{CF99FD3C-B99E-4653-A393-B95FD1413815} = {2AC20A46-3928-2638-2A2E-83B7FF2AF7AE}
		{1B976652-9097-4262-872E-91D755D902AB} = {2AC20A46-3928-2638-2A2E-83B7FF2AF7AE}
		{BAFC41C2-DD12-4065-9E7A-85B44F1B7D12} = {2AC20A46-3928-2638-2A2E-83B7FF2AF7AE}
		{F3210644-35B2-4985-8C49-6CC40EEF78BE} = {2AC20A46-3928-2638-2A2E-83B7FF2AF7AE}
		{CB753486-031C-08A7-C788-4C8CBC49DED1} = {827E0CD3-B72D-47B6-A68D-7590B98EB39B}
		{E0DA370C-6A0B-4A63-B72B-17FC02F4979B} = {CB753486-031C-08A7-C788-4C8CBC49DED1}
		{86BDF365-9567-4E1A-9D70-167269025FB6} = {CB753486-031C-08A7-C788-4C8CBC49DED1}
		{18B9A9AD-D58F-4530-9B17-041D11E5D119} = {CB753486-031C-08A7-C788-4C8CBC49DED1}
		{1F420268-DCAA-4B5D-A54B-15335965B1FB} = {CB753486-031C-08A7-C788-4C8CBC49DED1}
		{8107E861-C280-C499-84CD-237218396494} = {827E0CD3-B72D-47B6-A68D-7590B98EB39B}
		{CD484386-3955-46B8-B67E-B59CD782EAB8} = {8107E861-C280-C499-84CD-237218396494}
		{25B3A054-C5B1-4A0C-B908-8EE358377493} = {8107E861-C280-C499-84CD-237218396494}
		{A2ECACDB-FAC2-4FC6-93FB-70535937B99E} = {8107E861-C280-C499-84CD-237218396494}
		{EDF40AF5-A430-43BD-AA7A-965B39A4CBDD} = {8107E861-C280-C499-84CD-237218396494}
		{9ED238A0-938C-9A3F-DDEA-9079E74DEC51} = {827E0CD3-B72D-47B6-A68D-7590B98EB39B}
		{EBE2553B-1E63-4EC2-A49A-DCC068FA8795} = {9ED238A0-938C-9A3F-DDEA-9079E74DEC51}
		{3D7B6FE7-9890-4289-9BCE-02B8A5EB00F9} = {9ED238A0-938C-9A3F-DDEA-9079E74DEC51}
		{C74F862C-3508-45FD-8EA2-DEB261C3C4AE} = {9ED238A0-938C-9A3F-DDEA-9079E74DEC51}
		{26F7DE35-C0DD-46B5-BA37-6A694C36DA52} = {9ED238A0-938C-9A3F-DDEA-9079E74DEC51}
		{FCA01246-F2C6-0AA7-D43F-FD13BE0B9D88} = {827E0CD3-B72D-47B6-A68D-7590B98EB39B}
		{6041B8F1-A335-4B55-B5A9-2D9F26E25D2E} = {FCA01246-F2C6-0AA7-D43F-FD13BE0B9D88}
		{A135FA77-F6E3-4470-BED3-0CE68D31FAA5} = {0AB3BF05-4346-4AA6-1389-037BE0695223}
		{F33FCBEB-E530-47F0-8728-24E4A47AE501} = {0AB3BF05-4346-4AA6-1389-037BE0695223}
		{D7ACC4DF-AC79-4A8F-AB74-8FFB74296787} = {0AB3BF05-4346-4AA6-1389-037BE0695223}
		{C04AA25E-D214-45B8-A753-36BA8882A031} = {0AB3BF05-4346-4AA6-1389-037BE0695223}
	EndGlobalSection
EndGlobal
